<?xml version="1.0" encoding="UTF-8" standalone="yes" ?>
<CodeBlocks_project_file>
	<FileVersion major="1" minor="6" />
	<Project>
		<Option title="Tower of Hanoi" />
		<Option pch_mode="2" />
		<Option compiler="gcc" />
		<Build>
			<Target title="Debug">
				<Option output="bin/Debug/Tower of Hanoi" prefix_auto="1" extension_auto="1" />
				<Option object_output="obj/Debug/" />
				<Option type="1" />
				<Option compiler="gcc" />
				<Compiler>
					<Add option="-g" />
					<Add directory="src/game_objects" />
					<Add directory="src" />
				</Compiler>
			</Target>
			<Target title="Release">
				<Option output="bin/Release/Tower of Hanoi" prefix_auto="1" extension_auto="1" />
				<Option object_output="obj/Release/" />
				<Option type="0" />
				<Option compiler="gcc" />
				<Compiler>
					<Add option="-O2" />
					<Add directory="src/game_objects" />
					<Add directory="src" />
				</Compiler>
				<Linker>
					<Add option="-s" />
				</Linker>
			</Target>
		</Build>
		<Compiler>
			<Add option="-Wall" />
			<Add option="-std=gnu++17" />
			<Add option="-DSFML_STATIC" />
			<Add directory="D:/Programs/Libs/CPP/SFML-2.5.1/include" />
			<Add directory="src" />
			<Add directory="D:/Programs/Libs/CPP/SFML-2.5.1/TGUI-0.10/include" />
		</Compiler>
		<Linker>
			<Add library="mingw32" />
			<Add library="user32" />
			<Add library="gdi32" />
			<Add library="winmm" />
			<Add library="dxguid" />
			<Add library="D:/Programs/Libs/CPP/SFML-2.5.1/build/lib/libsfml-audio.a" />
			<Add library="D:/Programs/Libs/CPP/SFML-2.5.1/build/lib/libsfml-graphics.a" />
			<Add library="D:/Programs/Libs/CPP/SFML-2.5.1/build/lib/libsfml-main.a" />
			<Add library="D:/Programs/Libs/CPP/SFML-2.5.1/build/lib/libsfml-network.a" />
			<Add library="D:/Programs/Libs/CPP/SFML-2.5.1/build/lib/libsfml-system.a" />
			<Add library="D:/Programs/Libs/CPP/SFML-2.5.1/build/lib/libsfml-window.a" />
			<Add library="D:/Programs/Libs/CPP/SFML-2.5.1/TGUI-0.10/build/lib/libtgui.a" />
			<Add directory="D:/Programs/Libs/CPP/SFML-2.5.1/build/lib" />
			<Add directory="src" />
		</Linker>
		<Unit filename=".gitignore" />
		<Unit filename="cb.bmp" />
		<Unit filename="main.cpp" />
		<Unit filename="src/game_objects/htblock.cpp" />
		<Unit filename="src/game_objects/htblock.h" />
		<Unit filename="src/game_objects/httowerbase.cpp" />
		<Unit filename="src/game_objects/httowerbase.h" />
		<Unit filename="src/htapplication.cpp" />
		<Unit filename="src/htapplication.h" />
		<Extensions />
	</Project>
</CodeBlocks_project_file>
